
Microsoft Visual Studio Solution File, Format Version 12.00
# Visual Studio 2012
Project("{FAE04EC0-301F-11D3-BF4B-00C04F79EFBC}") = "SunriseSunset", "SunriseSunset\SunriseSunset.csproj", "{A7406077-7B41-4613-9F76-918C757AD0AD}"
EndProject
Global
	GlobalSection(SolutionConfigurationPlatforms) = preSolution
		Debug|Any CPU = Debug|Any CPU
		Release|Any CPU = Release|Any CPU
	EndGlobalSection
	GlobalSection(ProjectConfigurationPlatforms) = postSolution
		{A7406077-7B41-4613-9F76-918C757AD0AD}.Debug|Any CPU.ActiveCfg = Debug|Any CPU
		{A7406077-7B41-4613-9F76-918C757AD0AD}.Debug|Any CPU.Build.0 = Debug|Any CPU
		{A7406077-7B41-4613-9F76-918C757AD0AD}.Release|Any CPU.ActiveCfg = Release|Any CPU
		{A7406077-7B41-4613-9F76-918C757AD0AD}.Release|Any CPU.Build.0 = Release|Any CPU
	EndGlobalSection
	GlobalSection(SolutionProperties) = preSolution
		HideSolutionNode = FALSE
	EndGlobalSection
EndGlobal
